
Microsoft Visual Studio Solution File, Format Version 12.00
# Visual Studio 15
VisualStudioVersion = 15.0.28010.2041
MinimumVisualStudioVersion = 10.0.40219.1
Project("{FAE04EC0-301F-11D3-BF4B-00C04F79EFBC}") = "WindowsFormsApp7", "WindowsFormsApp7\WindowsFormsApp7.csproj", "{BFBDA50A-9674-43DB-AC69-82CCC4A2260A}"
EndProject
Global
	GlobalSection(SolutionConfigurationPlatforms) = preSolution
		Debug|Any CPU = Debug|Any CPU
		Release|Any CPU = Release|Any CPU
	EndGlobalSection
	GlobalSection(ProjectConfigurationPlatforms) = postSolution
		{BFBDA50A-9674-43DB-AC69-82CCC4A2260A}.Debug|Any CPU.ActiveCfg = Debug|Any CPU
		{BFBDA50A-9674-43DB-AC69-82CCC4A2260A}.Debug|Any CPU.Build.0 = Debug|Any CPU
		{BFBDA50A-9674-43DB-AC69-82CCC4A2260A}.Release|Any CPU.ActiveCfg = Release|Any CPU
		{BFBDA50A-9674-43DB-AC69-82CCC4A2260A}.Release|Any CPU.Build.0 = Release|Any CPU
	EndGlobalSection
	GlobalSection(SolutionProperties) = preSolution
		HideSolutionNode = FALSE
	EndGlobalSection
	GlobalSection(ExtensibilityGlobals) = postSolution
		SolutionGuid = {7006BECF-796C-492D-AAA3-267C79367443}
	EndGlobalSection
EndGlobal
